
Microsoft Visual Studio Solution File, Format Version 12.00
# Visual Studio 2015
Project("{FAE04EC0-301F-11D3-BF4B-00C04F79EFBC}") = "EndlessRunner-Nick-Ralph.CSharp", "EndlessRunner-Nick-Ralph.CSharp.csproj", "{6F3FB957-F0A6-5551-A099-98801615C080}"
EndProject
Global
	GlobalSection(SolutionConfigurationPlatforms) = preSolution
		Debug|Any CPU = Debug|Any CPU
		Release|Any CPU = Release|Any CPU
	EndGlobalSection
	GlobalSection(ProjectConfigurationPlatforms) = postSolution
		{6F3FB957-F0A6-5551-A099-98801615C080}.Debug|Any CPU.ActiveCfg = Debug|Any CPU
		{6F3FB957-F0A6-5551-A099-98801615C080}.Debug|Any CPU.Build.0 = Debug|Any CPU
		{6F3FB957-F0A6-5551-A099-98801615C080}.Release|Any CPU.ActiveCfg = Release|Any CPU
		{6F3FB957-F0A6-5551-A099-98801615C080}.Release|Any CPU.Build.0 = Release|Any CPU
	EndGlobalSection
	GlobalSection(SolutionProperties) = preSolution
		HideSolutionNode = FALSE
	EndGlobalSection
EndGlobal
